// !$*UTF8*$!
{
	archiveVersion = 1;
	classes = {
	};
	objectVersion = 48;
	objects = {

/* Begin PBXBuildFile section */
		30E5D2B67384FF4470F8B40F /* Pods_Skills.framework in Frameworks */ = {isa = PBXBuildFile; fileRef = CE6D9CF747928BB3003C4F87 /* Pods_Skills.framework */; };
		FF0AC6052077EE6000EAB2E1 /* ViewController.swift in Sources */ = {isa = PBXBuildFile; fileRef = FF0AC6042077EE5F00EAB2E1 /* ViewController.swift */; };
		FF0AC60720794DF000EAB2E1 /* ProfileViewController.swift in Sources */ = {isa = PBXBuildFile; fileRef = FF0AC60620794DF000EAB2E1 /* ProfileViewController.swift */; };
		FF2EEF6D2027B24700BCEBB1 /* AppDelegate.swift in Sources */ = {isa = PBXBuildFile; fileRef = FF2EEF6C2027B24700BCEBB1 /* AppDelegate.swift */; };
		FF2EEF722027B24700BCEBB1 /* Main.storyboard in Resources */ = {isa = PBXBuildFile; fileRef = FF2EEF702027B24700BCEBB1 /* Main.storyboard */; };
		FF2EEF742027B24700BCEBB1 /* Assets.xcassets in Resources */ = {isa = PBXBuildFile; fileRef = FF2EEF732027B24700BCEBB1 /* Assets.xcassets */; };
		FF2EEF772027B24700BCEBB1 /* LaunchScreen.storyboard in Resources */ = {isa = PBXBuildFile; fileRef = FF2EEF752027B24700BCEBB1 /* LaunchScreen.storyboard */; };
		FFB440E12079E98F005B191C /* LeftBlockDisplayCell.swift in Sources */ = {isa = PBXBuildFile; fileRef = FFB440E02079E98F005B191C /* LeftBlockDisplayCell.swift */; };
		FFB440E32079EB0F005B191C /* UIView+Utility.swift in Sources */ = {isa = PBXBuildFile; fileRef = FFB440E22079EB0F005B191C /* UIView+Utility.swift */; };
		FFB440E52079FC28005B191C /* NewsController.swift in Sources */ = {isa = PBXBuildFile; fileRef = FFB440E42079FC28005B191C /* NewsController.swift */; };
		FFB440E72079FC7F005B191C /* NewsController+NavigationBar.swift in Sources */ = {isa = PBXBuildFile; fileRef = FFB440E62079FC7F005B191C /* NewsController+NavigationBar.swift */; };
		FFB440E9207A05A4005B191C /* RightBlockDisplayCell.swift in Sources */ = {isa = PBXBuildFile; fileRef = FFB440E8207A05A4005B191C /* RightBlockDisplayCell.swift */; };
		FFBD892620390DCE00196CB7 /* HomeHeaderCell.swift in Sources */ = {isa = PBXBuildFile; fileRef = FFBD891920390DCD00196CB7 /* HomeHeaderCell.swift */; };
		FFBD892720390DCE00196CB7 /* HomeCell.swift in Sources */ = {isa = PBXBuildFile; fileRef = FFBD891A20390DCD00196CB7 /* HomeCell.swift */; };
		FFBD892820390DCE00196CB7 /* Constants.swift in Sources */ = {isa = PBXBuildFile; fileRef = FFBD891C20390DCE00196CB7 /* Constants.swift */; };
		FFBD892920390DCE00196CB7 /* HomeController.swift in Sources */ = {isa = PBXBuildFile; fileRef = FFBD891E20390DCE00196CB7 /* HomeController.swift */; };
		FFBD892A20390DCE00196CB7 /* HomeController+NavigationBar.swift in Sources */ = {isa = PBXBuildFile; fileRef = FFBD891F20390DCE00196CB7 /* HomeController+NavigationBar.swift */; };
		FFBD892B20390DCE00196CB7 /* UIColor+Utility.swift in Sources */ = {isa = PBXBuildFile; fileRef = FFBD892120390DCE00196CB7 /* UIColor+Utility.swift */; };
		FFBD892C20390DCE00196CB7 /* UISegmentedControl+Utility.swift in Sources */ = {isa = PBXBuildFile; fileRef = FFBD892220390DCE00196CB7 /* UISegmentedControl+Utility.swift */; };
		FFBD892D20390DCE00196CB7 /* GroupTwo.swift in Sources */ = {isa = PBXBuildFile; fileRef = FFBD892420390DCE00196CB7 /* GroupTwo.swift */; };
		FFBD892E20390DCE00196CB7 /* UserTwo.swift in Sources */ = {isa = PBXBuildFile; fileRef = FFBD892520390DCE00196CB7 /* UserTwo.swift */; };
/* End PBXBuildFile section */

/* Begin PBXFileReference section */
		34D140628229AD328A6B165B /* Pods-Skills.debug.xcconfig */ = {isa = PBXFileReference; includeInIndex = 1; lastKnownFileType = text.xcconfig; name = "Pods-Skills.debug.xcconfig"; path = "Pods/Target Support Files/Pods-Skills/Pods-Skills.debug.xcconfig"; sourceTree = "<group>"; };
		92BCD6E293F91ACE621E50E3 /* Pods-Skills.release.xcconfig */ = {isa = PBXFileReference; includeInIndex = 1; lastKnownFileType = text.xcconfig; name = "Pods-Skills.release.xcconfig"; path = "Pods/Target Support Files/Pods-Skills/Pods-Skills.release.xcconfig"; sourceTree = "<group>"; };
		CE6D9CF747928BB3003C4F87 /* Pods_Skills.framework */ = {isa = PBXFileReference; explicitFileType = wrapper.framework; includeInIndex = 0; path = Pods_Skills.framework; sourceTree = BUILT_PRODUCTS_DIR; };
		FF0AC6042077EE5F00EAB2E1 /* ViewController.swift */ = {isa = PBXFileReference; lastKnownFileType = sourcecode.swift; path = ViewController.swift; sourceTree = "<group>"; };
		FF0AC60620794DF000EAB2E1 /* ProfileViewController.swift */ = {isa = PBXFileReference; lastKnownFileType = sourcecode.swift; path = ProfileViewController.swift; sourceTree = "<group>"; };
		FF2EEF692027B24700BCEBB1 /* Skills.app */ = {isa = PBXFileReference; explicitFileType = wrapper.application; includeInIndex = 0; path = Skills.app; sourceTree = BUILT_PRODUCTS_DIR; };
		FF2EEF6C2027B24700BCEBB1 /* AppDelegate.swift */ = {isa = PBXFileReference; lastKnownFileType = sourcecode.swift; path = AppDelegate.swift; sourceTree = "<group>"; };
		FF2EEF712027B24700BCEBB1 /* Base */ = {isa = PBXFileReference; lastKnownFileType = file.storyboard; name = Base; path = Base.lproj/Main.storyboard; sourceTree = "<group>"; };
		FF2EEF732027B24700BCEBB1 /* Assets.xcassets */ = {isa = PBXFileReference; lastKnownFileType = folder.assetcatalog; path = Assets.xcassets; sourceTree = "<group>"; };
		FF2EEF762027B24700BCEBB1 /* Base */ = {isa = PBXFileReference; lastKnownFileType = file.storyboard; name = Base; path = Base.lproj/LaunchScreen.storyboard; sourceTree = "<group>"; };
		FF2EEF782027B24700BCEBB1 /* Info.plist */ = {isa = PBXFileReference; lastKnownFileType = text.plist.xml; path = Info.plist; sourceTree = "<group>"; };
		FFB440E02079E98F005B191C /* LeftBlockDisplayCell.swift */ = {isa = PBXFileReference; lastKnownFileType = sourcecode.swift; path = LeftBlockDisplayCell.swift; sourceTree = "<group>"; };
		FFB440E22079EB0F005B191C /* UIView+Utility.swift */ = {isa = PBXFileReference; lastKnownFileType = sourcecode.swift; path = "UIView+Utility.swift"; sourceTree = "<group>"; };
		FFB440E42079FC28005B191C /* NewsController.swift */ = {isa = PBXFileReference; lastKnownFileType = sourcecode.swift; path = NewsController.swift; sourceTree = "<group>"; };
		FFB440E62079FC7F005B191C /* NewsController+NavigationBar.swift */ = {isa = PBXFileReference; lastKnownFileType = sourcecode.swift; path = "NewsController+NavigationBar.swift"; sourceTree = "<group>"; };
		FFB440E8207A05A4005B191C /* RightBlockDisplayCell.swift */ = {isa = PBXFileReference; lastKnownFileType = sourcecode.swift; path = RightBlockDisplayCell.swift; sourceTree = "<group>"; };
		FFBD891920390DCD00196CB7 /* HomeHeaderCell.swift */ = {isa = PBXFileReference; fileEncoding = 4; lastKnownFileType = sourcecode.swift; path = HomeHeaderCell.swift; sourceTree = "<group>"; };
		FFBD891A20390DCD00196CB7 /* HomeCell.swift */ = {isa = PBXFileReference; fileEncoding = 4; lastKnownFileType = sourcecode.swift; path = HomeCell.swift; sourceTree = "<group>"; };
		FFBD891C20390DCE00196CB7 /* Constants.swift */ = {isa = PBXFileReference; fileEncoding = 4; lastKnownFileType = sourcecode.swift; path = Constants.swift; sourceTree = "<group>"; };
		FFBD891E20390DCE00196CB7 /* HomeController.swift */ = {isa = PBXFileReference; fileEncoding = 4; lastKnownFileType = sourcecode.swift; path = HomeController.swift; sourceTree = "<group>"; };
		FFBD891F20390DCE00196CB7 /* HomeController+NavigationBar.swift */ = {isa = PBXFileReference; fileEncoding = 4; lastKnownFileType = sourcecode.swift; path = "HomeController+NavigationBar.swift"; sourceTree = "<group>"; };
		FFBD892120390DCE00196CB7 /* UIColor+Utility.swift */ = {isa = PBXFileReference; fileEncoding = 4; lastKnownFileType = sourcecode.swift; path = "UIColor+Utility.swift"; sourceTree = "<group>"; };
		FFBD892220390DCE00196CB7 /* UISegmentedControl+Utility.swift */ = {isa = PBXFileReference; fileEncoding = 4; lastKnownFileType = sourcecode.swift; path = "UISegmentedControl+Utility.swift"; sourceTree = "<group>"; };
		FFBD892420390DCE00196CB7 /* GroupTwo.swift */ = {isa = PBXFileReference; fileEncoding = 4; lastKnownFileType = sourcecode.swift; path = GroupTwo.swift; sourceTree = "<group>"; };
		FFBD892520390DCE00196CB7 /* UserTwo.swift */ = {isa = PBXFileReference; fileEncoding = 4; lastKnownFileType = sourcecode.swift; path = UserTwo.swift; sourceTree = "<group>"; };
/* End PBXFileReference section */

/* Begin PBXFrameworksBuildPhase section */
		FF2EEF662027B24700BCEBB1 /* Frameworks */ = {
			isa = PBXFrameworksBuildPhase;
			buildActionMask = 2147483647;
			files = (
				30E5D2B67384FF4470F8B40F /* Pods_Skills.framework in Frameworks */,
			);
			runOnlyForDeploymentPostprocessing = 0;
		};
/* End PBXFrameworksBuildPhase section */

/* Begin PBXGroup section */
		D0A99529357CB15F02F66465 /* Pods */ = {
			isa = PBXGroup;
			children = (
				34D140628229AD328A6B165B /* Pods-Skills.debug.xcconfig */,
				92BCD6E293F91ACE621E50E3 /* Pods-Skills.release.xcconfig */,
			);
			name = Pods;
			sourceTree = "<group>";
		};
		F2F3CFF9535361CB34045111 /* Frameworks */ = {
			isa = PBXGroup;
			children = (
				CE6D9CF747928BB3003C4F87 /* Pods_Skills.framework */,
			);
			name = Frameworks;
			sourceTree = "<group>";
		};
		FF2EEF602027B24700BCEBB1 = {
			isa = PBXGroup;
			children = (
				FF2EEF6B2027B24700BCEBB1 /* Skills */,
				FF2EEF6A2027B24700BCEBB1 /* Products */,
				D0A99529357CB15F02F66465 /* Pods */,
				F2F3CFF9535361CB34045111 /* Frameworks */,
			);
			sourceTree = "<group>";
		};
		FF2EEF6A2027B24700BCEBB1 /* Products */ = {
			isa = PBXGroup;
			children = (
				FF2EEF692027B24700BCEBB1 /* Skills.app */,
			);
			name = Products;
			sourceTree = "<group>";
		};
		FF2EEF6B2027B24700BCEBB1 /* Skills */ = {
			isa = PBXGroup;
			children = (
				FF2EEF6C2027B24700BCEBB1 /* AppDelegate.swift */,
				FFBD891D20390DCE00196CB7 /* Controllers */,
				FFBD892020390DCE00196CB7 /* Extensions */,
				FFBD892320390DCE00196CB7 /* Models */,
				FFBD891B20390DCE00196CB7 /* Supporting */,
				FFBD891820390DCD00196CB7 /* Views */,
				FF2EEF702027B24700BCEBB1 /* Main.storyboard */,
				FF2EEF732027B24700BCEBB1 /* Assets.xcassets */,
				FF2EEF752027B24700BCEBB1 /* LaunchScreen.storyboard */,
				FF2EEF782027B24700BCEBB1 /* Info.plist */,
			);
			path = Skills;
			sourceTree = "<group>";
		};
		FFBD891820390DCD00196CB7 /* Views */ = {
			isa = PBXGroup;
			children = (
				FFBD891920390DCD00196CB7 /* HomeHeaderCell.swift */,
				FFBD891A20390DCD00196CB7 /* HomeCell.swift */,
				FFB440E02079E98F005B191C /* LeftBlockDisplayCell.swift */,
				FFB440E8207A05A4005B191C /* RightBlockDisplayCell.swift */,
			);
			name = Views;
			path = Skills/Views;
			sourceTree = SOURCE_ROOT;
		};
		FFBD891B20390DCE00196CB7 /* Supporting */ = {
			isa = PBXGroup;
			children = (
				FFBD891C20390DCE00196CB7 /* Constants.swift */,
			);
			name = Supporting;
			path = Skills/Supporting;
			sourceTree = SOURCE_ROOT;
		};
		FFBD891D20390DCE00196CB7 /* Controllers */ = {
			isa = PBXGroup;
			children = (
				FFBD891E20390DCE00196CB7 /* HomeController.swift */,
				FFBD891F20390DCE00196CB7 /* HomeController+NavigationBar.swift */,
				FF0AC6042077EE5F00EAB2E1 /* ViewController.swift */,
				FFB440E42079FC28005B191C /* NewsController.swift */,
				FFB440E62079FC7F005B191C /* NewsController+NavigationBar.swift */,
				FF0AC60620794DF000EAB2E1 /* ProfileViewController.swift */,
			);
			path = Controllers;
			sourceTree = "<group>";
		};
		FFBD892020390DCE00196CB7 /* Extensions */ = {
			isa = PBXGroup;
			children = (
				FFBD892120390DCE00196CB7 /* UIColor+Utility.swift */,
				FFB440E22079EB0F005B191C /* UIView+Utility.swift */,
				FFBD892220390DCE00196CB7 /* UISegmentedControl+Utility.swift */,
			);
			name = Extensions;
			path = Skills/Extensions;
			sourceTree = SOURCE_ROOT;
		};
		FFBD892320390DCE00196CB7 /* Models */ = {
			isa = PBXGroup;
			children = (
				FFBD892420390DCE00196CB7 /* GroupTwo.swift */,
				FFBD892520390DCE00196CB7 /* UserTwo.swift */,
			);
			name = Models;
			path = Skills/Models;
			sourceTree = SOURCE_ROOT;
		};
/* End PBXGroup section */

/* Begin PBXNativeTarget section */
		FF2EEF682027B24700BCEBB1 /* Skills */ = {
			isa = PBXNativeTarget;
			buildConfigurationList = FF2EEF7B2027B24700BCEBB1 /* Build configuration list for PBXNativeTarget "Skills" */;
			buildPhases = (
				D5B65BA66D641EE082567A61 /* [CP] Check Pods Manifest.lock */,
				FF2EEF652027B24700BCEBB1 /* Sources */,
				FF2EEF662027B24700BCEBB1 /* Frameworks */,
				FF2EEF672027B24700BCEBB1 /* Resources */,
				CFB218963F09340CEE57EA54 /* [CP] Embed Pods Frameworks */,
				4AB331A5AA4E208FE0254F99 /* [CP] Copy Pods Resources */,
			);
			buildRules = (
			);
			dependencies = (
			);
			name = Skills;
			productName = Skills;
			productReference = FF2EEF692027B24700BCEBB1 /* Skills.app */;
			productType = "com.apple.product-type.application";
		};
/* End PBXNativeTarget section */

/* Begin PBXProject section */
		FF2EEF612027B24700BCEBB1 /* Project object */ = {
			isa = PBXProject;
			attributes = {
				LastSwiftUpdateCheck = 0910;
				LastUpgradeCheck = 0910;
				ORGANIZATIONNAME = "Joe Suzuki";
				TargetAttributes = {
					FF2EEF682027B24700BCEBB1 = {
						CreatedOnToolsVersion = 9.1;
						ProvisioningStyle = Automatic;
					};
				};
			};
			buildConfigurationList = FF2EEF642027B24700BCEBB1 /* Build configuration list for PBXProject "Skills" */;
			compatibilityVersion = "Xcode 8.0";
			developmentRegion = en;
			hasScannedForEncodings = 0;
			knownRegions = (
				en,
				Base,
			);
			mainGroup = FF2EEF602027B24700BCEBB1;
			productRefGroup = FF2EEF6A2027B24700BCEBB1 /* Products */;
			projectDirPath = "";
			projectRoot = "";
			targets = (
				FF2EEF682027B24700BCEBB1 /* Skills */,
			);
		};
/* End PBXProject section */

/* Begin PBXResourcesBuildPhase section */
		FF2EEF672027B24700BCEBB1 /* Resources */ = {
			isa = PBXResourcesBuildPhase;
			buildActionMask = 2147483647;
			files = (
				FF2EEF772027B24700BCEBB1 /* LaunchScreen.storyboard in Resources */,
				FF2EEF742027B24700BCEBB1 /* Assets.xcassets in Resources */,
				FF2EEF722027B24700BCEBB1 /* Main.storyboard in Resources */,
			);
			runOnlyForDeploymentPostprocessing = 0;
		};
/* End PBXResourcesBuildPhase section */

/* Begin PBXShellScriptBuildPhase section */
		4AB331A5AA4E208FE0254F99 /* [CP] Copy Pods Resources */ = {
			isa = PBXShellScriptBuildPhase;
			buildActionMask = 2147483647;
			files = (
			);
			inputPaths = (
			);
			name = "[CP] Copy Pods Resources";
			outputPaths = (
			);
			runOnlyForDeploymentPostprocessing = 0;
			shellPath = /bin/sh;
			shellScript = "\"${SRCROOT}/Pods/Target Support Files/Pods-Skills/Pods-Skills-resources.sh\"\n";
			showEnvVarsInLog = 0;
		};
		CFB218963F09340CEE57EA54 /* [CP] Embed Pods Frameworks */ = {
			isa = PBXShellScriptBuildPhase;
			buildActionMask = 2147483647;
			files = (
			);
			inputPaths = (
				"${SRCROOT}/Pods/Target Support Files/Pods-Skills/Pods-Skills-frameworks.sh",
				"${BUILT_PRODUCTS_DIR}/Kingfisher/Kingfisher.framework",
			);
			name = "[CP] Embed Pods Frameworks";
			outputPaths = (
				"${TARGET_BUILD_DIR}/${FRAMEWORKS_FOLDER_PATH}/Kingfisher.framework",
			);
			runOnlyForDeploymentPostprocessing = 0;
			shellPath = /bin/sh;
			shellScript = "\"${SRCROOT}/Pods/Target Support Files/Pods-Skills/Pods-Skills-frameworks.sh\"\n";
			showEnvVarsInLog = 0;
		};
		D5B65BA66D641EE082567A61 /* [CP] Check Pods Manifest.lock */ = {
			isa = PBXShellScriptBuildPhase;
			buildActionMask = 2147483647;
			files = (
			);
			inputPaths = (
				"${PODS_PODFILE_DIR_PATH}/Podfile.lock",
				"${PODS_ROOT}/Manifest.lock",
			);
			name = "[CP] Check Pods Manifest.lock";
			outputPaths = (
				"$(DERIVED_FILE_DIR)/Pods-Skills-checkManifestLockResult.txt",
			);
			runOnlyForDeploymentPostprocessing = 0;
			shellPath = /bin/sh;
			shellScript = "diff \"${PODS_PODFILE_DIR_PATH}/Podfile.lock\" \"${PODS_ROOT}/Manifest.lock\" > /dev/null\nif [ $? != 0 ] ; then\n    # print error to STDERR\n    echo \"error: The sandbox is not in sync with the Podfile.lock. Run 'pod install' or update your CocoaPods installation.\" >&2\n    exit 1\nfi\n# This output is used by Xcode 'outputs' to avoid re-running this script phase.\necho \"SUCCESS\" > \"${SCRIPT_OUTPUT_FILE_0}\"\n";
			showEnvVarsInLog = 0;
		};
/* End PBXShellScriptBuildPhase section */

/* Begin PBXSourcesBuildPhase section */
		FF2EEF652027B24700BCEBB1 /* Sources */ = {
			isa = PBXSourcesBuildPhase;
			buildActionMask = 2147483647;
			files = (
				FFB440E12079E98F005B191C /* LeftBlockDisplayCell.swift in Sources */,
				FFBD892720390DCE00196CB7 /* HomeCell.swift in Sources */,
				FFBD892620390DCE00196CB7 /* HomeHeaderCell.swift in Sources */,
				FFB440E52079FC28005B191C /* NewsController.swift in Sources */,
				FFBD892C20390DCE00196CB7 /* UISegmentedControl+Utility.swift in Sources */,
				FFBD892E20390DCE00196CB7 /* UserTwo.swift in Sources */,
				FFB440E72079FC7F005B191C /* NewsController+NavigationBar.swift in Sources */,
				FFB440E32079EB0F005B191C /* UIView+Utility.swift in Sources */,
				FFBD892B20390DCE00196CB7 /* UIColor+Utility.swift in Sources */,
				FF2EEF6D2027B24700BCEBB1 /* AppDelegate.swift in Sources */,
				FF0AC60720794DF000EAB2E1 /* ProfileViewController.swift in Sources */,
				FFBD892820390DCE00196CB7 /* Constants.swift in Sources */,
				FFBD892A20390DCE00196CB7 /* HomeController+NavigationBar.swift in Sources */,
				FFBD892920390DCE00196CB7 /* HomeController.swift in Sources */,
				FF0AC6052077EE6000EAB2E1 /* ViewController.swift in Sources */,
				FFB440E9207A05A4005B191C /* RightBlockDisplayCell.swift in Sources */,
				FFBD892D20390DCE00196CB7 /* GroupTwo.swift in Sources */,
			);
			runOnlyForDeploymentPostprocessing = 0;
		};
/* End PBXSourcesBuildPhase section */

/* Begin PBXVariantGroup section */
		FF2EEF702027B24700BCEBB1 /* Main.storyboard */ = {
			isa = PBXVariantGroup;
			children = (
				FF2EEF712027B24700BCEBB1 /* Base */,
			);
			name = Main.storyboard;
			sourceTree = "<group>";
		};
		FF2EEF752027B24700BCEBB1 /* LaunchScreen.storyboard */ = {
			isa = PBXVariantGroup;
			children = (
				FF2EEF762027B24700BCEBB1 /* Base */,
			);
			name = LaunchScreen.storyboard;
			sourceTree = "<group>";
		};
/* End PBXVariantGroup section */

/* Begin XCBuildConfiguration section */
		FF2EEF792027B24700BCEBB1 /* Debug */ = {
			isa = XCBuildConfiguration;
			buildSettings = {
				ALWAYS_SEARCH_USER_PATHS = NO;
				CLANG_ANALYZER_NONNULL = YES;
				CLANG_ANALYZER_NUMBER_OBJECT_CONVERSION = YES_AGGRESSIVE;
				CLANG_CXX_LANGUAGE_STANDARD = "gnu++14";
				CLANG_CXX_LIBRARY = "libc++";
				CLANG_ENABLE_MODULES = YES;
				CLANG_ENABLE_OBJC_ARC = YES;
				CLANG_WARN_BLOCK_CAPTURE_AUTORELEASING = YES;
				CLANG_WARN_BOOL_CONVERSION = YES;
				CLANG_WARN_COMMA = YES;
				CLANG_WARN_CONSTANT_CONVERSION = YES;
				CLANG_WARN_DIRECT_OBJC_ISA_USAGE = YES_ERROR;
				CLANG_WARN_DOCUMENTATION_COMMENTS = YES;
				CLANG_WARN_EMPTY_BODY = YES;
				CLANG_WARN_ENUM_CONVERSION = YES;
				CLANG_WARN_INFINITE_RECURSION = YES;
				CLANG_WARN_INT_CONVERSION = YES;
				CLANG_WARN_NON_LITERAL_NULL_CONVERSION = YES;
				CLANG_WARN_OBJC_LITERAL_CONVERSION = YES;
				CLANG_WARN_OBJC_ROOT_CLASS = YES_ERROR;
				CLANG_WARN_RANGE_LOOP_ANALYSIS = YES;
				CLANG_WARN_STRICT_PROTOTYPES = YES;
				CLANG_WARN_SUSPICIOUS_MOVE = YES;
				CLANG_WARN_UNGUARDED_AVAILABILITY = YES_AGGRESSIVE;
				CLANG_WARN_UNREACHABLE_CODE = YES;
				CLANG_WARN__DUPLICATE_METHOD_MATCH = YES;
				CODE_SIGN_IDENTITY = "iPhone Developer";
				COPY_PHASE_STRIP = NO;
				DEBUG_INFORMATION_FORMAT = dwarf;
				ENABLE_STRICT_OBJC_MSGSEND = YES;
				ENABLE_TESTABILITY = YES;
				GCC_C_LANGUAGE_STANDARD = gnu11;
				GCC_DYNAMIC_NO_PIC = NO;
				GCC_NO_COMMON_BLOCKS = YES;
				GCC_OPTIMIZATION_LEVEL = 0;
				GCC_PREPROCESSOR_DEFINITIONS = (
					"DEBUG=1",
					"$(inherited)",
				);
				GCC_WARN_64_TO_32_BIT_CONVERSION = YES;
				GCC_WARN_ABOUT_RETURN_TYPE = YES_ERROR;
				GCC_WARN_UNDECLARED_SELECTOR = YES;
				GCC_WARN_UNINITIALIZED_AUTOS = YES_AGGRESSIVE;
				GCC_WARN_UNUSED_FUNCTION = YES;
				GCC_WARN_UNUSED_VARIABLE = YES;
				IPHONEOS_DEPLOYMENT_TARGET = 11.1;
				MTL_ENABLE_DEBUG_INFO = YES;
				ONLY_ACTIVE_ARCH = YES;
				SDKROOT = iphoneos;
				SWIFT_ACTIVE_COMPILATION_CONDITIONS = DEBUG;
				SWIFT_OPTIMIZATION_LEVEL = "-Onone";
			};
			name = Debug;
		};
		FF2EEF7A2027B24700BCEBB1 /* Release */ = {
			isa = XCBuildConfiguration;
			buildSettings = {
				ALWAYS_SEARCH_USER_PATHS = NO;
				CLANG_ANALYZER_NONNULL = YES;
				CLANG_ANALYZER_NUMBER_OBJECT_CONVERSION = YES_AGGRESSIVE;
				CLANG_CXX_LANGUAGE_STANDARD = "gnu++14";
				CLANG_CXX_LIBRARY = "libc++";
				CLANG_ENABLE_MODULES = YES;
				CLANG_ENABLE_OBJC_ARC = YES;
				CLANG_WARN_BLOCK_CAPTURE_AUTORELEASING = YES;
				CLANG_WARN_BOOL_CONVERSION = YES;
				CLANG_WARN_COMMA = YES;
				CLANG_WARN_CONSTANT_CONVERSION = YES;
				CLANG_WARN_DIRECT_OBJC_ISA_USAGE = YES_ERROR;
				CLANG_WARN_DOCUMENTATION_COMMENTS = YES;
				CLANG_WARN_EMPTY_BODY = YES;
				CLANG_WARN_ENUM_CONVERSION = YES;
				CLANG_WARN_INFINITE_RECURSION = YES;
				CLANG_WARN_INT_CONVERSION = YES;
				CLANG_WARN_NON_LITERAL_NULL_CONVERSION = YES;
				CLANG_WARN_OBJC_LITERAL_CONVERSION = YES;
				CLANG_WARN_OBJC_ROOT_CLASS = YES_ERROR;
				CLANG_WARN_RANGE_LOOP_ANALYSIS = YES;
				CLANG_WARN_STRICT_PROTOTYPES = YES;
				CLANG_WARN_SUSPICIOUS_MOVE = YES;
				CLANG_WARN_UNGUARDED_AVAILABILITY = YES_AGGRESSIVE;
				CLANG_WARN_UNREACHABLE_CODE = YES;
				CLANG_WARN__DUPLICATE_METHOD_MATCH = YES;
				CODE_SIGN_IDENTITY = "iPhone Developer";
				COPY_PHASE_STRIP = NO;
				DEBUG_INFORMATION_FORMAT = "dwarf-with-dsym";
				ENABLE_NS_ASSERTIONS = NO;
				ENABLE_STRICT_OBJC_MSGSEND = YES;
				GCC_C_LANGUAGE_STANDARD = gnu11;
				GCC_NO_COMMON_BLOCKS = YES;
				GCC_WARN_64_TO_32_BIT_CONVERSION = YES;
				GCC_WARN_ABOUT_RETURN_TYPE = YES_ERROR;
				GCC_WARN_UNDECLARED_SELECTOR = YES;
				GCC_WARN_UNINITIALIZED_AUTOS = YES_AGGRESSIVE;
				GCC_WARN_UNUSED_FUNCTION = YES;
				GCC_WARN_UNUSED_VARIABLE = YES;
				IPHONEOS_DEPLOYMENT_TARGET = 11.1;
				MTL_ENABLE_DEBUG_INFO = NO;
				SDKROOT = iphoneos;
				SWIFT_OPTIMIZATION_LEVEL = "-Owholemodule";
				VALIDATE_PRODUCT = YES;
			};
			name = Release;
		};
		FF2EEF7C2027B24700BCEBB1 /* Debug */ = {
			isa = XCBuildConfiguration;
			baseConfigurationReference = 34D140628229AD328A6B165B /* Pods-Skills.debug.xcconfig */;
			buildSettings = {
				ASSETCATALOG_COMPILER_APPICON_NAME = AppIcon;
				CODE_SIGN_STYLE = Automatic;
				DEVELOPMENT_TEAM = URE62YMM2S;
				INFOPLIST_FILE = Skills/Info.plist;
				LD_RUNPATH_SEARCH_PATHS = "$(inherited) @executable_path/Frameworks";
				PRODUCT_BUNDLE_IDENTIFIER = com.suzukiJoe.Skills;
				PRODUCT_NAME = "$(TARGET_NAME)";
				SWIFT_VERSION = 4.0;
				TARGETED_DEVICE_FAMILY = "1,2";
			};
			name = Debug;
		};
		FF2EEF7D2027B24700BCEBB1 /* Release */ = {
			isa = XCBuildConfiguration;
			baseConfigurationReference = 92BCD6E293F91ACE621E50E3 /* Pods-Skills.release.xcconfig */;
			buildSettings = {
				ASSETCATALOG_COMPILER_APPICON_NAME = AppIcon;
				CODE_SIGN_STYLE = Automatic;
				DEVELOPMENT_TEAM = URE62YMM2S;
				INFOPLIST_FILE = Skills/Info.plist;
				LD_RUNPATH_SEARCH_PATHS = "$(inherited) @executable_path/Frameworks";
				PRODUCT_BUNDLE_IDENTIFIER = com.suzukiJoe.Skills;
				PRODUCT_NAME = "$(TARGET_NAME)";
				SWIFT_VERSION = 4.0;
				TARGETED_DEVICE_FAMILY = "1,2";
			};
			name = Release;
		};
/* End XCBuildConfiguration section */

/* Begin XCConfigurationList section */
		FF2EEF642027B24700BCEBB1 /* Build configuration list for PBXProject "Skills" */ = {
			isa = XCConfigurationList;
			buildConfigurations = (
				FF2EEF792027B24700BCEBB1 /* Debug */,
				FF2EEF7A2027B24700BCEBB1 /* Release */,
			);
			defaultConfigurationIsVisible = 0;
			defaultConfigurationName = Release;
		};
		FF2EEF7B2027B24700BCEBB1 /* Build configuration list for PBXNativeTarget "Skills" */ = {
			isa = XCConfigurationList;
			buildConfigurations = (
				FF2EEF7C2027B24700BCEBB1 /* Debug */,
				FF2EEF7D2027B24700BCEBB1 /* Release */,
			);
			defaultConfigurationIsVisible = 0;
			defaultConfigurationName = Release;
		};
/* End XCConfigurationList section */
	};
	rootObject = FF2EEF612027B24700BCEBB1 /* Project object */;
}
